dependencies:
- name: rabbitmq
  repository: https://charts.bitnami.com/bitnami
  version: 7.0.1
- name: elasticsearch
  repository: https://charts.bitnami.com/bitnami
  version: 12.3.6
- name: redis
  repository: https://charts.bitnami.com/bitnami
  version: 10.7.3
digest: sha256:ee4ac54358e8eede3f177f6a39274c26882f3584e501bf74ead480ecb95a3749
generated: "2020-06-19T01:19:32.063984246+02:00"
